// !$*UTF8*$!
{
	archiveVersion = 1;
	classes = {
	};
	objectVersion = 48;
	objects = {

/* Begin PBXBuildFile section */
		44461C9D214F25AA00BC4429 /* AppDelegate.swift in Sources */ = {isa = PBXBuildFile; fileRef = 44461C9C214F25AA00BC4429 /* AppDelegate.swift */; };
		44461C9F214F25AA00BC4429 /* ViewController.swift in Sources */ = {isa = PBXBuildFile; fileRef = 44461C9E214F25AA00BC4429 /* ViewController.swift */; };
		44461CA2214F25AA00BC4429 /* Main.storyboard in Resources */ = {isa = PBXBuildFile; fileRef = 44461CA0214F25AA00BC4429 /* Main.storyboard */; };
		44461CA4214F25AA00BC4429 /* Assets.xcassets in Resources */ = {isa = PBXBuildFile; fileRef = 44461CA3214F25AA00BC4429 /* Assets.xcassets */; };
		44461CA7214F25AA00BC4429 /* LaunchScreen.storyboard in Resources */ = {isa = PBXBuildFile; fileRef = 44461CA5214F25AA00BC4429 /* LaunchScreen.storyboard */; };
		44461CB2214F25AA00BC4429 /* tip_calculatorTests.swift in Sources */ = {isa = PBXBuildFile; fileRef = 44461CB1214F25AA00BC4429 /* tip_calculatorTests.swift */; };
		44461CBD214F25AA00BC4429 /* tip_calculatorUITests.swift in Sources */ = {isa = PBXBuildFile; fileRef = 44461CBC214F25AA00BC4429 /* tip_calculatorUITests.swift */; };
/* End PBXBuildFile section */

/* Begin PBXContainerItemProxy section */
		44461CAE214F25AA00BC4429 /* PBXContainerItemProxy */ = {
			isa = PBXContainerItemProxy;
			containerPortal = 44461C91214F25AA00BC4429 /* Project object */;
			proxyType = 1;
			remoteGlobalIDString = 44461C98214F25AA00BC4429;
			remoteInfo = "tip-calculator";
		};
		44461CB9214F25AA00BC4429 /* PBXContainerItemProxy */ = {
			isa = PBXContainerItemProxy;
			containerPortal = 44461C91214F25AA00BC4429 /* Project object */;
			proxyType = 1;
			remoteGlobalIDString = 44461C98214F25AA00BC4429;
			remoteInfo = "tip-calculator";
		};
/* End PBXContainerItemProxy section */

/* Begin PBXFileReference section */
		44461C99214F25AA00BC4429 /* tip-calculator.app */ = {isa = PBXFileReference; explicitFileType = wrapper.application; includeInIndex = 0; path = "tip-calculator.app"; sourceTree = BUILT_PRODUCTS_DIR; };
		44461C9C214F25AA00BC4429 /* AppDelegate.swift */ = {isa = PBXFileReference; lastKnownFileType = sourcecode.swift; path = AppDelegate.swift; sourceTree = "<group>"; };
		44461C9E214F25AA00BC4429 /* ViewController.swift */ = {isa = PBXFileReference; lastKnownFileType = sourcecode.swift; path = ViewController.swift; sourceTree = "<group>"; };
		44461CA1214F25AA00BC4429 /* Base */ = {isa = PBXFileReference; lastKnownFileType = file.storyboard; name = Base; path = Base.lproj/Main.storyboard; sourceTree = "<group>"; };
		44461CA3214F25AA00BC4429 /* Assets.xcassets */ = {isa = PBXFileReference; lastKnownFileType = folder.assetcatalog; path = Assets.xcassets; sourceTree = "<group>"; };
		44461CA6214F25AA00BC4429 /* Base */ = {isa = PBXFileReference; lastKnownFileType = file.storyboard; name = Base; path = Base.lproj/LaunchScreen.storyboard; sourceTree = "<group>"; };
		44461CA8214F25AA00BC4429 /* Info.plist */ = {isa = PBXFileReference; lastKnownFileType = text.plist.xml; path = Info.plist; sourceTree = "<group>"; };
		44461CAD214F25AA00BC4429 /* tip-calculatorTests.xctest */ = {isa = PBXFileReference; explicitFileType = wrapper.cfbundle; includeInIndex = 0; path = "tip-calculatorTests.xctest"; sourceTree = BUILT_PRODUCTS_DIR; };
		44461CB1214F25AA00BC4429 /* tip_calculatorTests.swift */ = {isa = PBXFileReference; lastKnownFileType = sourcecode.swift; path = tip_calculatorTests.swift; sourceTree = "<group>"; };
		44461CB3214F25AA00BC4429 /* Info.plist */ = {isa = PBXFileReference; lastKnownFileType = text.plist.xml; path = Info.plist; sourceTree = "<group>"; };
		44461CB8214F25AA00BC4429 /* tip-calculatorUITests.xctest */ = {isa = PBXFileReference; explicitFileType = wrapper.cfbundle; includeInIndex = 0; path = "tip-calculatorUITests.xctest"; sourceTree = BUILT_PRODUCTS_DIR; };
		44461CBC214F25AA00BC4429 /* tip_calculatorUITests.swift */ = {isa = PBXFileReference; lastKnownFileType = sourcecode.swift; path = tip_calculatorUITests.swift; sourceTree = "<group>"; };
		44461CBE214F25AA00BC4429 /* Info.plist */ = {isa = PBXFileReference; lastKnownFileType = text.plist.xml; path = Info.plist; sourceTree = "<group>"; };
/* End PBXFileReference section */

/* Begin PBXFrameworksBuildPhase section */
		44461C96214F25AA00BC4429 /* Frameworks */ = {
			isa = PBXFrameworksBuildPhase;
			buildActionMask = 2147483647;
			files = (
			);
			runOnlyForDeploymentPostprocessing = 0;
		};
		44461CAA214F25AA00BC4429 /* Frameworks */ = {
			isa = PBXFrameworksBuildPhase;
			buildActionMask = 2147483647;
			files = (
			);
			runOnlyForDeploymentPostprocessing = 0;
		};
		44461CB5214F25AA00BC4429 /* Frameworks */ = {
			isa = PBXFrameworksBuildPhase;
			buildActionMask = 2147483647;
			files = (
			);
			runOnlyForDeploymentPostprocessing = 0;
		};
/* End PBXFrameworksBuildPhase section */

/* Begin PBXGroup section */
		44461C90214F25AA00BC4429 = {
			isa = PBXGroup;
			children = (
				44461C9B214F25AA00BC4429 /* tip-calculator */,
				44461CB0214F25AA00BC4429 /* tip-calculatorTests */,
				44461CBB214F25AA00BC4429 /* tip-calculatorUITests */,
				44461C9A214F25AA00BC4429 /* Products */,
			);
			sourceTree = "<group>";
		};
		44461C9A214F25AA00BC4429 /* Products */ = {
			isa = PBXGroup;
			children = (
				44461C99214F25AA00BC4429 /* tip-calculator.app */,
				44461CAD214F25AA00BC4429 /* tip-calculatorTests.xctest */,
				44461CB8214F25AA00BC4429 /* tip-calculatorUITests.xctest */,
			);
			name = Products;
			sourceTree = "<group>";
		};
		44461C9B214F25AA00BC4429 /* tip-calculator */ = {
			isa = PBXGroup;
			children = (
				44461C9C214F25AA00BC4429 /* AppDelegate.swift */,
				44461C9E214F25AA00BC4429 /* ViewController.swift */,
				44461CA0214F25AA00BC4429 /* Main.storyboard */,
				44461CA3214F25AA00BC4429 /* Assets.xcassets */,
				44461CA5214F25AA00BC4429 /* LaunchScreen.storyboard */,
				44461CA8214F25AA00BC4429 /* Info.plist */,
			);
			path = "tip-calculator";
			sourceTree = "<group>";
		};
		44461CB0214F25AA00BC4429 /* tip-calculatorTests */ = {
			isa = PBXGroup;
			children = (
				44461CB1214F25AA00BC4429 /* tip_calculatorTests.swift */,
				44461CB3214F25AA00BC4429 /* Info.plist */,
			);
			path = "tip-calculatorTests";
			sourceTree = "<group>";
		};
		44461CBB214F25AA00BC4429 /* tip-calculatorUITests */ = {
			isa = PBXGroup;
			children = (
				44461CBC214F25AA00BC4429 /* tip_calculatorUITests.swift */,
				44461CBE214F25AA00BC4429 /* Info.plist */,
			);
			path = "tip-calculatorUITests";
			sourceTree = "<group>";
		};
/* End PBXGroup section */

/* Begin PBXNativeTarget section */
		44461C98214F25AA00BC4429 /* tip-calculator */ = {
			isa = PBXNativeTarget;
			buildConfigurationList = 44461CC1214F25AA00BC4429 /* Build configuration list for PBXNativeTarget "tip-calculator" */;
			buildPhases = (
				44461C95214F25AA00BC4429 /* Sources */,
				44461C96214F25AA00BC4429 /* Frameworks */,
				44461C97214F25AA00BC4429 /* Resources */,
			);
			buildRules = (
			);
			dependencies = (
			);
			name = "tip-calculator";
			productName = "tip-calculator";
			productReference = 44461C99214F25AA00BC4429 /* tip-calculator.app */;
			productType = "com.apple.product-type.application";
		};
		44461CAC214F25AA00BC4429 /* tip-calculatorTests */ = {
			isa = PBXNativeTarget;
			buildConfigurationList = 44461CC4214F25AA00BC4429 /* Build configuration list for PBXNativeTarget "tip-calculatorTests" */;
			buildPhases = (
				44461CA9214F25AA00BC4429 /* Sources */,
				44461CAA214F25AA00BC4429 /* Frameworks */,
				44461CAB214F25AA00BC4429 /* Resources */,
			);
			buildRules = (
			);
			dependencies = (
				44461CAF214F25AA00BC4429 /* PBXTargetDependency */,
			);
			name = "tip-calculatorTests";
			productName = "tip-calculatorTests";
			productReference = 44461CAD214F25AA00BC4429 /* tip-calculatorTests.xctest */;
			productType = "com.apple.product-type.bundle.unit-test";
		};
		44461CB7214F25AA00BC4429 /* tip-calculatorUITests */ = {
			isa = PBXNativeTarget;
			buildConfigurationList = 44461CC7214F25AA00BC4429 /* Build configuration list for PBXNativeTarget "tip-calculatorUITests" */;
			buildPhases = (
				44461CB4214F25AA00BC4429 /* Sources */,
				44461CB5214F25AA00BC4429 /* Frameworks */,
				44461CB6214F25AA00BC4429 /* Resources */,
			);
			buildRules = (
			);
			dependencies = (
				44461CBA214F25AA00BC4429 /* PBXTargetDependency */,
			);
			name = "tip-calculatorUITests";
			productName = "tip-calculatorUITests";
			productReference = 44461CB8214F25AA00BC4429 /* tip-calculatorUITests.xctest */;
			productType = "com.apple.product-type.bundle.ui-testing";
		};
/* End PBXNativeTarget section */

/* Begin PBXProject section */
		44461C91214F25AA00BC4429 /* Project object */ = {
			isa = PBXProject;
			attributes = {
				LastSwiftUpdateCheck = 0920;
				LastUpgradeCheck = 0920;
				ORGANIZATIONNAME = "Gyulnara Grigoryan ";
				TargetAttributes = {
					44461C98214F25AA00BC4429 = {
						CreatedOnToolsVersion = 9.2;
						ProvisioningStyle = Automatic;
					};
					44461CAC214F25AA00BC4429 = {
						CreatedOnToolsVersion = 9.2;
						ProvisioningStyle = Automatic;
						TestTargetID = 44461C98214F25AA00BC4429;
					};
					44461CB7214F25AA00BC4429 = {
						CreatedOnToolsVersion = 9.2;
						ProvisioningStyle = Automatic;
						TestTargetID = 44461C98214F25AA00BC4429;
					};
				};
			};
			buildConfigurationList = 44461C94214F25AA00BC4429 /* Build configuration list for PBXProject "tip-calculator" */;
			compatibilityVersion = "Xcode 8.0";
			developmentRegion = en;
			hasScannedForEncodings = 0;
			knownRegions = (
				en,
				Base,
			);
			mainGroup = 44461C90214F25AA00BC4429;
			productRefGroup = 44461C9A214F25AA00BC4429 /* Products */;
			projectDirPath = "";
			projectRoot = "";
			targets = (
				44461C98214F25AA00BC4429 /* tip-calculator */,
				44461CAC214F25AA00BC4429 /* tip-calculatorTests */,
				44461CB7214F25AA00BC4429 /* tip-calculatorUITests */,
			);
		};
/* End PBXProject section */

/* Begin PBXResourcesBuildPhase section */
		44461C97214F25AA00BC4429 /* Resources */ = {
			isa = PBXResourcesBuildPhase;
			buildActionMask = 2147483647;
			files = (
				44461CA7214F25AA00BC4429 /* LaunchScreen.storyboard in Resources */,
				44461CA4214F25AA00BC4429 /* Assets.xcassets in Resources */,
				44461CA2214F25AA00BC4429 /* Main.storyboard in Resources */,
			);
			runOnlyForDeploymentPostprocessing = 0;
		};
		44461CAB214F25AA00BC4429 /* Resources */ = {
			isa = PBXResourcesBuildPhase;
			buildActionMask = 2147483647;
			files = (
			);
			runOnlyForDeploymentPostprocessing = 0;
		};
		44461CB6214F25AA00BC4429 /* Resources */ = {
			isa = PBXResourcesBuildPhase;
			buildActionMask = 2147483647;
			files = (
			);
			runOnlyForDeploymentPostprocessing = 0;
		};
/* End PBXResourcesBuildPhase section */

/* Begin PBXSourcesBuildPhase section */
		44461C95214F25AA00BC4429 /* Sources */ = {
			isa = PBXSourcesBuildPhase;
			buildActionMask = 2147483647;
			files = (
				44461C9F214F25AA00BC4429 /* ViewController.swift in Sources */,
				44461C9D214F25AA00BC4429 /* AppDelegate.swift in Sources */,
			);
			runOnlyForDeploymentPostprocessing = 0;
		};
		44461CA9214F25AA00BC4429 /* Sources */ = {
			isa = PBXSourcesBuildPhase;
			buildActionMask = 2147483647;
			files = (
				44461CB2214F25AA00BC4429 /* tip_calculatorTests.swift in Sources */,
			);
			runOnlyForDeploymentPostprocessing = 0;
		};
		44461CB4214F25AA00BC4429 /* Sources */ = {
			isa = PBXSourcesBuildPhase;
			buildActionMask = 2147483647;
			files = (
				44461CBD214F25AA00BC4429 /* tip_calculatorUITests.swift in Sources */,
			);
			runOnlyForDeploymentPostprocessing = 0;
		};
/* End PBXSourcesBuildPhase section */

/* Begin PBXTargetDependency section */
		44461CAF214F25AA00BC4429 /* PBXTargetDependency */ = {
			isa = PBXTargetDependency;
			target = 44461C98214F25AA00BC4429 /* tip-calculator */;
			targetProxy = 44461CAE214F25AA00BC4429 /* PBXContainerItemProxy */;
		};
		44461CBA214F25AA00BC4429 /* PBXTargetDependency */ = {
			isa = PBXTargetDependency;
			target = 44461C98214F25AA00BC4429 /* tip-calculator */;
			targetProxy = 44461CB9214F25AA00BC4429 /* PBXContainerItemProxy */;
		};
/* End PBXTargetDependency section */

/* Begin PBXVariantGroup section */
		44461CA0214F25AA00BC4429 /* Main.storyboard */ = {
			isa = PBXVariantGroup;
			children = (
				44461CA1214F25AA00BC4429 /* Base */,
			);
			name = Main.storyboard;
			sourceTree = "<group>";
		};
		44461CA5214F25AA00BC4429 /* LaunchScreen.storyboard */ = {
			isa = PBXVariantGroup;
			children = (
				44461CA6214F25AA00BC4429 /* Base */,
			);
			name = LaunchScreen.storyboard;
			sourceTree = "<group>";
		};
/* End PBXVariantGroup section */

/* Begin XCBuildConfiguration section */
		44461CBF214F25AA00BC4429 /* Debug */ = {
			isa = XCBuildConfiguration;
			buildSettings = {
				ALWAYS_SEARCH_USER_PATHS = NO;
				CLANG_ANALYZER_NONNULL = YES;
				CLANG_ANALYZER_NUMBER_OBJECT_CONVERSION = YES_AGGRESSIVE;
				CLANG_CXX_LANGUAGE_STANDARD = "gnu++14";
				CLANG_CXX_LIBRARY = "libc++";
				CLANG_ENABLE_MODULES = YES;
				CLANG_ENABLE_OBJC_ARC = YES;
				CLANG_WARN_BLOCK_CAPTURE_AUTORELEASING = YES;
				CLANG_WARN_BOOL_CONVERSION = YES;
				CLANG_WARN_COMMA = YES;
				CLANG_WARN_CONSTANT_CONVERSION = YES;
				CLANG_WARN_DIRECT_OBJC_ISA_USAGE = YES_ERROR;
				CLANG_WARN_DOCUMENTATION_COMMENTS = YES;
				CLANG_WARN_EMPTY_BODY = YES;
				CLANG_WARN_ENUM_CONVERSION = YES;
				CLANG_WARN_INFINITE_RECURSION = YES;
				CLANG_WARN_INT_CONVERSION = YES;
				CLANG_WARN_NON_LITERAL_NULL_CONVERSION = YES;
				CLANG_WARN_OBJC_LITERAL_CONVERSION = YES;
				CLANG_WARN_OBJC_ROOT_CLASS = YES_ERROR;
				CLANG_WARN_RANGE_LOOP_ANALYSIS = YES;
				CLANG_WARN_STRICT_PROTOTYPES = YES;
				CLANG_WARN_SUSPICIOUS_MOVE = YES;
				CLANG_WARN_UNGUARDED_AVAILABILITY = YES_AGGRESSIVE;
				CLANG_WARN_UNREACHABLE_CODE = YES;
				CLANG_WARN__DUPLICATE_METHOD_MATCH = YES;
				CODE_SIGN_IDENTITY = "iPhone Developer";
				COPY_PHASE_STRIP = NO;
				DEBUG_INFORMATION_FORMAT = dwarf;
				ENABLE_STRICT_OBJC_MSGSEND = YES;
				ENABLE_TESTABILITY = YES;
				GCC_C_LANGUAGE_STANDARD = gnu11;
				GCC_DYNAMIC_NO_PIC = NO;
				GCC_NO_COMMON_BLOCKS = YES;
				GCC_OPTIMIZATION_LEVEL = 0;
				GCC_PREPROCESSOR_DEFINITIONS = (
					"DEBUG=1",
					"$(inherited)",
				);
				GCC_WARN_64_TO_32_BIT_CONVERSION = YES;
				GCC_WARN_ABOUT_RETURN_TYPE = YES_ERROR;
				GCC_WARN_UNDECLARED_SELECTOR = YES;
				GCC_WARN_UNINITIALIZED_AUTOS = YES_AGGRESSIVE;
				GCC_WARN_UNUSED_FUNCTION = YES;
				GCC_WARN_UNUSED_VARIABLE = YES;
				IPHONEOS_DEPLOYMENT_TARGET = 11.2;
				MTL_ENABLE_DEBUG_INFO = YES;
				ONLY_ACTIVE_ARCH = YES;
				SDKROOT = iphoneos;
				SWIFT_ACTIVE_COMPILATION_CONDITIONS = DEBUG;
				SWIFT_OPTIMIZATION_LEVEL = "-Onone";
			};
			name = Debug;
		};
		44461CC0214F25AA00BC4429 /* Release */ = {
			isa = XCBuildConfiguration;
			buildSettings = {
				ALWAYS_SEARCH_USER_PATHS = NO;
				CLANG_ANALYZER_NONNULL = YES;
				CLANG_ANALYZER_NUMBER_OBJECT_CONVERSION = YES_AGGRESSIVE;
				CLANG_CXX_LANGUAGE_STANDARD = "gnu++14";
				CLANG_CXX_LIBRARY = "libc++";
				CLANG_ENABLE_MODULES = YES;
				CLANG_ENABLE_OBJC_ARC = YES;
				CLANG_WARN_BLOCK_CAPTURE_AUTORELEASING = YES;
				CLANG_WARN_BOOL_CONVERSION = YES;
				CLANG_WARN_COMMA = YES;
				CLANG_WARN_CONSTANT_CONVERSION = YES;
				CLANG_WARN_DIRECT_OBJC_ISA_USAGE = YES_ERROR;
				CLANG_WARN_DOCUMENTATION_COMMENTS = YES;
				CLANG_WARN_EMPTY_BODY = YES;
				CLANG_WARN_ENUM_CONVERSION = YES;
				CLANG_WARN_INFINITE_RECURSION = YES;
				CLANG_WARN_INT_CONVERSION = YES;
				CLANG_WARN_NON_LITERAL_NULL_CONVERSION = YES;
				CLANG_WARN_OBJC_LITERAL_CONVERSION = YES;
				CLANG_WARN_OBJC_ROOT_CLASS = YES_ERROR;
				CLANG_WARN_RANGE_LOOP_ANALYSIS = YES;
				CLANG_WARN_STRICT_PROTOTYPES = YES;
				CLANG_WARN_SUSPICIOUS_MOVE = YES;
				CLANG_WARN_UNGUARDED_AVAILABILITY = YES_AGGRESSIVE;
				CLANG_WARN_UNREACHABLE_CODE = YES;
				CLANG_WARN__DUPLICATE_METHOD_MATCH = YES;
				CODE_SIGN_IDENTITY = "iPhone Developer";
				COPY_PHASE_STRIP = NO;
				DEBUG_INFORMATION_FORMAT = "dwarf-with-dsym";
				ENABLE_NS_ASSERTIONS = NO;
				ENABLE_STRICT_OBJC_MSGSEND = YES;
				GCC_C_LANGUAGE_STANDARD = gnu11;
				GCC_NO_COMMON_BLOCKS = YES;
				GCC_WARN_64_TO_32_BIT_CONVERSION = YES;
				GCC_WARN_ABOUT_RETURN_TYPE = YES_ERROR;
				GCC_WARN_UNDECLARED_SELECTOR = YES;
				GCC_WARN_UNINITIALIZED_AUTOS = YES_AGGRESSIVE;
				GCC_WARN_UNUSED_FUNCTION = YES;
				GCC_WARN_UNUSED_VARIABLE = YES;
				IPHONEOS_DEPLOYMENT_TARGET = 11.2;
				MTL_ENABLE_DEBUG_INFO = NO;
				SDKROOT = iphoneos;
				SWIFT_OPTIMIZATION_LEVEL = "-Owholemodule";
				VALIDATE_PRODUCT = YES;
			};
			name = Release;
		};
		44461CC2214F25AA00BC4429 /* Debug */ = {
			isa = XCBuildConfiguration;
			buildSettings = {
				ASSETCATALOG_COMPILER_APPICON_NAME = AppIcon;
				CODE_SIGN_STYLE = Automatic;
				DEVELOPMENT_TEAM = ML9H43C9SM;
				INFOPLIST_FILE = "tip-calculator/Info.plist";
				LD_RUNPATH_SEARCH_PATHS = "$(inherited) @executable_path/Frameworks";
				PRODUCT_BUNDLE_IDENTIFIER = "apps.tip-calculator";
				PRODUCT_NAME = "$(TARGET_NAME)";
				SWIFT_VERSION = 4.0;
				TARGETED_DEVICE_FAMILY = "1,2";
			};
			name = Debug;
		};
		44461CC3214F25AA00BC4429 /* Release */ = {
			isa = XCBuildConfiguration;
			buildSettings = {
				ASSETCATALOG_COMPILER_APPICON_NAME = AppIcon;
				CODE_SIGN_STYLE = Automatic;
				DEVELOPMENT_TEAM = ML9H43C9SM;
				INFOPLIST_FILE = "tip-calculator/Info.plist";
				LD_RUNPATH_SEARCH_PATHS = "$(inherited) @executable_path/Frameworks";
				PRODUCT_BUNDLE_IDENTIFIER = "apps.tip-calculator";
				PRODUCT_NAME = "$(TARGET_NAME)";
				SWIFT_VERSION = 4.0;
				TARGETED_DEVICE_FAMILY = "1,2";
			};
			name = Release;
		};
		44461CC5214F25AA00BC4429 /* Debug */ = {
			isa = XCBuildConfiguration;
			buildSettings = {
				ALWAYS_EMBED_SWIFT_STANDARD_LIBRARIES = YES;
				BUNDLE_LOADER = "$(TEST_HOST)";
				CODE_SIGN_STYLE = Automatic;
				INFOPLIST_FILE = "tip-calculatorTests/Info.plist";
				LD_RUNPATH_SEARCH_PATHS = "$(inherited) @executable_path/Frameworks @loader_path/Frameworks";
				PRODUCT_BUNDLE_IDENTIFIER = "apps.tip-calculatorTests";
				PRODUCT_NAME = "$(TARGET_NAME)";
				SWIFT_VERSION = 4.0;
				TARGETED_DEVICE_FAMILY = "1,2";
				TEST_HOST = "$(BUILT_PRODUCTS_DIR)/tip-calculator.app/tip-calculator";
			};
			name = Debug;
		};
		44461CC6214F25AA00BC4429 /* Release */ = {
			isa = XCBuildConfiguration;
			buildSettings = {
				ALWAYS_EMBED_SWIFT_STANDARD_LIBRARIES = YES;
				BUNDLE_LOADER = "$(TEST_HOST)";
				CODE_SIGN_STYLE = Automatic;
				INFOPLIST_FILE = "tip-calculatorTests/Info.plist";
				LD_RUNPATH_SEARCH_PATHS = "$(inherited) @executable_path/Frameworks @loader_path/Frameworks";
				PRODUCT_BUNDLE_IDENTIFIER = "apps.tip-calculatorTests";
				PRODUCT_NAME = "$(TARGET_NAME)";
				SWIFT_VERSION = 4.0;
				TARGETED_DEVICE_FAMILY = "1,2";
				TEST_HOST = "$(BUILT_PRODUCTS_DIR)/tip-calculator.app/tip-calculator";
			};
			name = Release;
		};
		44461CC8214F25AA00BC4429 /* Debug */ = {
			isa = XCBuildConfiguration;
			buildSettings = {
				ALWAYS_EMBED_SWIFT_STANDARD_LIBRARIES = YES;
				CODE_SIGN_STYLE = Automatic;
				INFOPLIST_FILE = "tip-calculatorUITests/Info.plist";
				LD_RUNPATH_SEARCH_PATHS = "$(inherited) @executable_path/Frameworks @loader_path/Frameworks";
				PRODUCT_BUNDLE_IDENTIFIER = "apps.tip-calculatorUITests";
				PRODUCT_NAME = "$(TARGET_NAME)";
				SWIFT_VERSION = 4.0;
				TARGETED_DEVICE_FAMILY = "1,2";
				TEST_TARGET_NAME = "tip-calculator";
			};
			name = Debug;
		};
		44461CC9214F25AA00BC4429 /* Release */ = {
			isa = XCBuildConfiguration;
			buildSettings = {
				ALWAYS_EMBED_SWIFT_STANDARD_LIBRARIES = YES;
				CODE_SIGN_STYLE = Automatic;
				INFOPLIST_FILE = "tip-calculatorUITests/Info.plist";
				LD_RUNPATH_SEARCH_PATHS = "$(inherited) @executable_path/Frameworks @loader_path/Frameworks";
				PRODUCT_BUNDLE_IDENTIFIER = "apps.tip-calculatorUITests";
				PRODUCT_NAME = "$(TARGET_NAME)";
				SWIFT_VERSION = 4.0;
				TARGETED_DEVICE_FAMILY = "1,2";
				TEST_TARGET_NAME = "tip-calculator";
			};
			name = Release;
		};
/* End XCBuildConfiguration section */

/* Begin XCConfigurationList section */
		44461C94214F25AA00BC4429 /* Build configuration list for PBXProject "tip-calculator" */ = {
			isa = XCConfigurationList;
			buildConfigurations = (
				44461CBF214F25AA00BC4429 /* Debug */,
				44461CC0214F25AA00BC4429 /* Release */,
			);
			defaultConfigurationIsVisible = 0;
			defaultConfigurationName = Release;
		};
		44461CC1214F25AA00BC4429 /* Build configuration list for PBXNativeTarget "tip-calculator" */ = {
			isa = XCConfigurationList;
			buildConfigurations = (
				44461CC2214F25AA00BC4429 /* Debug */,
				44461CC3214F25AA00BC4429 /* Release */,
			);
			defaultConfigurationIsVisible = 0;
			defaultConfigurationName = Release;
		};
		44461CC4214F25AA00BC4429 /* Build configuration list for PBXNativeTarget "tip-calculatorTests" */ = {
			isa = XCConfigurationList;
			buildConfigurations = (
				44461CC5214F25AA00BC4429 /* Debug */,
				44461CC6214F25AA00BC4429 /* Release */,
			);
			defaultConfigurationIsVisible = 0;
			defaultConfigurationName = Release;
		};
		44461CC7214F25AA00BC4429 /* Build configuration list for PBXNativeTarget "tip-calculatorUITests" */ = {
			isa = XCConfigurationList;
			buildConfigurations = (
				44461CC8214F25AA00BC4429 /* Debug */,
				44461CC9214F25AA00BC4429 /* Release */,
			);
			defaultConfigurationIsVisible = 0;
			defaultConfigurationName = Release;
		};
/* End XCConfigurationList section */
	};
	rootObject = 44461C91214F25AA00BC4429 /* Project object */;
}
